// !$*UTF8*$!
{
	archiveVersion = 1;
	classes = {
	};
	objectVersion = 60;
	objects = {

/* Begin PBXBuildFile section */
		6000EDF72BFE21FE00673F3E /* BundleMock.swift in Sources */ = {isa = PBXBuildFile; fileRef = 6000EDF62BFE21FE00673F3E /* BundleMock.swift */; };
		6000EDF92BFE22BE00673F3E /* NetworkUseCaseTests.swift in Sources */ = {isa = PBXBuildFile; fileRef = 6000EDF82BFE22BE00673F3E /* NetworkUseCaseTests.swift */; };
		6000EDFB2BFE22D900673F3E /* URLProviderMock.swift in Sources */ = {isa = PBXBuildFile; fileRef = 6000EDFA2BFE22D900673F3E /* URLProviderMock.swift */; };
		6000EDFD2BFE22FE00673F3E /* NetworkServiceMock.swift in Sources */ = {isa = PBXBuildFile; fileRef = 6000EDFC2BFE22FE00673F3E /* NetworkServiceMock.swift */; };
		6000EDFF2BFE279800673F3E /* MovieDataProviderTests.swift in Sources */ = {isa = PBXBuildFile; fileRef = 6000EDFE2BFE279800673F3E /* MovieDataProviderTests.swift */; };
		6000EE012BFE27B400673F3E /* MockNetworkUseCase.swift in Sources */ = {isa = PBXBuildFile; fileRef = 6000EE002BFE27B400673F3E /* MockNetworkUseCase.swift */; };
		6000EE032BFE28E200673F3E /* MovieResponseModelMock.swift in Sources */ = {isa = PBXBuildFile; fileRef = 6000EE022BFE28E200673F3E /* MovieResponseModelMock.swift */; };
		60194BA32BFB71A60040C037 /* MovieAPI_SwiftDataApp.swift in Sources */ = {isa = PBXBuildFile; fileRef = 60194BA22BFB71A60040C037 /* MovieAPI_SwiftDataApp.swift */; };
		60194BA52BFB71A60040C037 /* MovieListView.swift in Sources */ = {isa = PBXBuildFile; fileRef = 60194BA42BFB71A60040C037 /* MovieListView.swift */; };
		60194BA92BFB71A80040C037 /* Assets.xcassets in Resources */ = {isa = PBXBuildFile; fileRef = 60194BA82BFB71A80040C037 /* Assets.xcassets */; };
		60194BAC2BFB71A80040C037 /* Preview Assets.xcassets in Resources */ = {isa = PBXBuildFile; fileRef = 60194BAB2BFB71A80040C037 /* Preview Assets.xcassets */; };
		60194BB62BFB71A90040C037 /* URLProviderTests.swift in Sources */ = {isa = PBXBuildFile; fileRef = 60194BB52BFB71A90040C037 /* URLProviderTests.swift */; };
		605862BB2BFE33C600D8A298 /* MovieListViewModelTests.swift in Sources */ = {isa = PBXBuildFile; fileRef = 605862BA2BFE33C600D8A298 /* MovieListViewModelTests.swift */; };
		605862BD2BFE35AB00D8A298 /* MovieDataProviderMock.swift in Sources */ = {isa = PBXBuildFile; fileRef = 605862BC2BFE35AB00D8A298 /* MovieDataProviderMock.swift */; };
		6060FA9B2BFB8D78008B9EF0 /* Carousel.swift in Sources */ = {isa = PBXBuildFile; fileRef = 6060FA9A2BFB8D78008B9EF0 /* Carousel.swift */; };
		6060FA9E2BFB9430008B9EF0 /* MovieDetailView.swift in Sources */ = {isa = PBXBuildFile; fileRef = 6060FA9D2BFB9430008B9EF0 /* MovieDetailView.swift */; };
		6060FAA02BFB9512008B9EF0 /* InformationMovie.swift in Sources */ = {isa = PBXBuildFile; fileRef = 6060FA9F2BFB9512008B9EF0 /* InformationMovie.swift */; };
		6060FAA22BFB9563008B9EF0 /* MovieDetailViewModel.swift in Sources */ = {isa = PBXBuildFile; fileRef = 6060FAA12BFB9563008B9EF0 /* MovieDetailViewModel.swift */; };
		6060FAA62BFBAEAB008B9EF0 /* BookmarkIcon.swift in Sources */ = {isa = PBXBuildFile; fileRef = 6060FAA52BFBAEAB008B9EF0 /* BookmarkIcon.swift */; };
		6060FAAA2BFBB6C9008B9EF0 /* AppendIfNotContains.swift in Sources */ = {isa = PBXBuildFile; fileRef = 6060FAA92BFBB6C9008B9EF0 /* AppendIfNotContains.swift */; };
		606AD5092BFB81D600294319 /* MovieListViewModel.swift in Sources */ = {isa = PBXBuildFile; fileRef = 606AD5082BFB81D600294319 /* MovieListViewModel.swift */; };
		606AD5102BFB832A00294319 /* MovieCard.swift in Sources */ = {isa = PBXBuildFile; fileRef = 606AD50F2BFB832A00294319 /* MovieCard.swift */; };
		606AD5132BFB83AE00294319 /* UIImage+data.swift in Sources */ = {isa = PBXBuildFile; fileRef = 606AD5122BFB83AE00294319 /* UIImage+data.swift */; };
		608F6F362C1DF12400A33B09 /* Common in Frameworks */ = {isa = PBXBuildFile; productRef = 608F6F352C1DF12400A33B09 /* Common */; };
		608F6F382C1DF13700A33B09 /* Common in Frameworks */ = {isa = PBXBuildFile; productRef = 608F6F372C1DF13700A33B09 /* Common */; };
		60C1AB8C2C1B1D3E00E2A4B6 /* WidgetKit.framework in Frameworks */ = {isa = PBXBuildFile; fileRef = 60C1AB8B2C1B1D3E00E2A4B6 /* WidgetKit.framework */; };
		60C1AB8E2C1B1D3E00E2A4B6 /* SwiftUI.framework in Frameworks */ = {isa = PBXBuildFile; fileRef = 60C1AB8D2C1B1D3E00E2A4B6 /* SwiftUI.framework */; };
		60C1AB912C1B1D3E00E2A4B6 /* FavoriteMoviesWidgetBundle.swift in Sources */ = {isa = PBXBuildFile; fileRef = 60C1AB902C1B1D3E00E2A4B6 /* FavoriteMoviesWidgetBundle.swift */; };
		60C1AB952C1B1D3E00E2A4B6 /* FavoriteMoviesWidget.swift in Sources */ = {isa = PBXBuildFile; fileRef = 60C1AB942C1B1D3E00E2A4B6 /* FavoriteMoviesWidget.swift */; };
		60C1AB992C1B1D4000E2A4B6 /* Assets.xcassets in Resources */ = {isa = PBXBuildFile; fileRef = 60C1AB982C1B1D4000E2A4B6 /* Assets.xcassets */; };
		60C1AB9D2C1B1D4000E2A4B6 /* FavoriteMoviesWidgetExtension.appex in Embed Foundation Extensions */ = {isa = PBXBuildFile; fileRef = 60C1AB8A2C1B1D3E00E2A4B6 /* FavoriteMoviesWidgetExtension.appex */; settings = {ATTRIBUTES = (RemoveHeadersOnCopy, ); }; };
/* End PBXBuildFile section */

/* Begin PBXContainerItemProxy section */
		60194BB22BFB71A90040C037 /* PBXContainerItemProxy */ = {
			isa = PBXContainerItemProxy;
			containerPortal = 60194B972BFB71A60040C037 /* Project object */;
			proxyType = 1;
			remoteGlobalIDString = 60194B9E2BFB71A60040C037;
			remoteInfo = "MovieAPI&SwiftData";
		};
		60C1AB9B2C1B1D4000E2A4B6 /* PBXContainerItemProxy */ = {
			isa = PBXContainerItemProxy;
			containerPortal = 60194B972BFB71A60040C037 /* Project object */;
			proxyType = 1;
			remoteGlobalIDString = 60C1AB892C1B1D3E00E2A4B6;
			remoteInfo = FavoriteMoviesWidgetExtension;
		};
/* End PBXContainerItemProxy section */

/* Begin PBXCopyFilesBuildPhase section */
		60C1AB9E2C1B1D4000E2A4B6 /* Embed Foundation Extensions */ = {
			isa = PBXCopyFilesBuildPhase;
			buildActionMask = 2147483647;
			dstPath = "";
			dstSubfolderSpec = 13;
			files = (
				60C1AB9D2C1B1D4000E2A4B6 /* FavoriteMoviesWidgetExtension.appex in Embed Foundation Extensions */,
			);
			name = "Embed Foundation Extensions";
			runOnlyForDeploymentPostprocessing = 0;
		};
/* End PBXCopyFilesBuildPhase section */

/* Begin PBXFileReference section */
		6000EDF62BFE21FE00673F3E /* BundleMock.swift */ = {isa = PBXFileReference; lastKnownFileType = sourcecode.swift; path = BundleMock.swift; sourceTree = "<group>"; };
		6000EDF82BFE22BE00673F3E /* NetworkUseCaseTests.swift */ = {isa = PBXFileReference; lastKnownFileType = sourcecode.swift; path = NetworkUseCaseTests.swift; sourceTree = "<group>"; };
		6000EDFA2BFE22D900673F3E /* URLProviderMock.swift */ = {isa = PBXFileReference; lastKnownFileType = sourcecode.swift; path = URLProviderMock.swift; sourceTree = "<group>"; };
		6000EDFC2BFE22FE00673F3E /* NetworkServiceMock.swift */ = {isa = PBXFileReference; lastKnownFileType = sourcecode.swift; path = NetworkServiceMock.swift; sourceTree = "<group>"; };
		6000EDFE2BFE279800673F3E /* MovieDataProviderTests.swift */ = {isa = PBXFileReference; lastKnownFileType = sourcecode.swift; path = MovieDataProviderTests.swift; sourceTree = "<group>"; };
		6000EE002BFE27B400673F3E /* MockNetworkUseCase.swift */ = {isa = PBXFileReference; lastKnownFileType = sourcecode.swift; path = MockNetworkUseCase.swift; sourceTree = "<group>"; };
		6000EE022BFE28E200673F3E /* MovieResponseModelMock.swift */ = {isa = PBXFileReference; lastKnownFileType = sourcecode.swift; path = MovieResponseModelMock.swift; sourceTree = "<group>"; };
		60194B9F2BFB71A60040C037 /* MovieAPI&SwiftData.app */ = {isa = PBXFileReference; explicitFileType = wrapper.application; includeInIndex = 0; path = "MovieAPI&SwiftData.app"; sourceTree = BUILT_PRODUCTS_DIR; };
		60194BA22BFB71A60040C037 /* MovieAPI_SwiftDataApp.swift */ = {isa = PBXFileReference; lastKnownFileType = sourcecode.swift; path = MovieAPI_SwiftDataApp.swift; sourceTree = "<group>"; };
		60194BA42BFB71A60040C037 /* MovieListView.swift */ = {isa = PBXFileReference; lastKnownFileType = sourcecode.swift; path = MovieListView.swift; sourceTree = "<group>"; };
		60194BA82BFB71A80040C037 /* Assets.xcassets */ = {isa = PBXFileReference; lastKnownFileType = folder.assetcatalog; path = Assets.xcassets; sourceTree = "<group>"; };
		60194BAB2BFB71A80040C037 /* Preview Assets.xcassets */ = {isa = PBXFileReference; lastKnownFileType = folder.assetcatalog; path = "Preview Assets.xcassets"; sourceTree = "<group>"; };
		60194BB12BFB71A90040C037 /* MovieAPI&SwiftDataTests.xctest */ = {isa = PBXFileReference; explicitFileType = wrapper.cfbundle; includeInIndex = 0; path = "MovieAPI&SwiftDataTests.xctest"; sourceTree = BUILT_PRODUCTS_DIR; };
		60194BB52BFB71A90040C037 /* URLProviderTests.swift */ = {isa = PBXFileReference; lastKnownFileType = sourcecode.swift; path = URLProviderTests.swift; sourceTree = "<group>"; };
		605862BA2BFE33C600D8A298 /* MovieListViewModelTests.swift */ = {isa = PBXFileReference; lastKnownFileType = sourcecode.swift; path = MovieListViewModelTests.swift; sourceTree = "<group>"; };
		605862BC2BFE35AB00D8A298 /* MovieDataProviderMock.swift */ = {isa = PBXFileReference; lastKnownFileType = sourcecode.swift; path = MovieDataProviderMock.swift; sourceTree = "<group>"; };
		6060FA992BFB87CA008B9EF0 /* MovieAPI-SwiftData-Info.plist */ = {isa = PBXFileReference; lastKnownFileType = text.plist; path = "MovieAPI-SwiftData-Info.plist"; sourceTree = SOURCE_ROOT; };
		6060FA9A2BFB8D78008B9EF0 /* Carousel.swift */ = {isa = PBXFileReference; lastKnownFileType = sourcecode.swift; path = Carousel.swift; sourceTree = "<group>"; };
		6060FA9D2BFB9430008B9EF0 /* MovieDetailView.swift */ = {isa = PBXFileReference; lastKnownFileType = sourcecode.swift; path = MovieDetailView.swift; sourceTree = "<group>"; };
		6060FA9F2BFB9512008B9EF0 /* InformationMovie.swift */ = {isa = PBXFileReference; lastKnownFileType = sourcecode.swift; path = InformationMovie.swift; sourceTree = "<group>"; };
		6060FAA12BFB9563008B9EF0 /* MovieDetailViewModel.swift */ = {isa = PBXFileReference; lastKnownFileType = sourcecode.swift; path = MovieDetailViewModel.swift; sourceTree = "<group>"; };
		6060FAA52BFBAEAB008B9EF0 /* BookmarkIcon.swift */ = {isa = PBXFileReference; lastKnownFileType = sourcecode.swift; path = BookmarkIcon.swift; sourceTree = "<group>"; };
		6060FAA92BFBB6C9008B9EF0 /* AppendIfNotContains.swift */ = {isa = PBXFileReference; lastKnownFileType = sourcecode.swift; path = AppendIfNotContains.swift; sourceTree = "<group>"; };
		606AD5082BFB81D600294319 /* MovieListViewModel.swift */ = {isa = PBXFileReference; lastKnownFileType = sourcecode.swift; path = MovieListViewModel.swift; sourceTree = "<group>"; };
		606AD50F2BFB832A00294319 /* MovieCard.swift */ = {isa = PBXFileReference; lastKnownFileType = sourcecode.swift; path = MovieCard.swift; sourceTree = "<group>"; };
		606AD5122BFB83AE00294319 /* UIImage+data.swift */ = {isa = PBXFileReference; lastKnownFileType = sourcecode.swift; path = "UIImage+data.swift"; sourceTree = "<group>"; };
		608584E52C1B38D70024AFDF /* MovieAPI&SwiftData.entitlements */ = {isa = PBXFileReference; lastKnownFileType = text.plist.entitlements; path = "MovieAPI&SwiftData.entitlements"; sourceTree = "<group>"; };
		608584E62C1B3A210024AFDF /* FavoriteMoviesWidgetExtension.entitlements */ = {isa = PBXFileReference; lastKnownFileType = text.plist.entitlements; path = FavoriteMoviesWidgetExtension.entitlements; sourceTree = "<group>"; };
		60C1AB8A2C1B1D3E00E2A4B6 /* FavoriteMoviesWidgetExtension.appex */ = {isa = PBXFileReference; explicitFileType = "wrapper.app-extension"; includeInIndex = 0; path = FavoriteMoviesWidgetExtension.appex; sourceTree = BUILT_PRODUCTS_DIR; };
		60C1AB8B2C1B1D3E00E2A4B6 /* WidgetKit.framework */ = {isa = PBXFileReference; lastKnownFileType = wrapper.framework; name = WidgetKit.framework; path = System/Library/Frameworks/WidgetKit.framework; sourceTree = SDKROOT; };
		60C1AB8D2C1B1D3E00E2A4B6 /* SwiftUI.framework */ = {isa = PBXFileReference; lastKnownFileType = wrapper.framework; name = SwiftUI.framework; path = System/Library/Frameworks/SwiftUI.framework; sourceTree = SDKROOT; };
		60C1AB902C1B1D3E00E2A4B6 /* FavoriteMoviesWidgetBundle.swift */ = {isa = PBXFileReference; lastKnownFileType = sourcecode.swift; path = FavoriteMoviesWidgetBundle.swift; sourceTree = "<group>"; };
		60C1AB942C1B1D3E00E2A4B6 /* FavoriteMoviesWidget.swift */ = {isa = PBXFileReference; lastKnownFileType = sourcecode.swift; path = FavoriteMoviesWidget.swift; sourceTree = "<group>"; };
		60C1AB982C1B1D4000E2A4B6 /* Assets.xcassets */ = {isa = PBXFileReference; lastKnownFileType = folder.assetcatalog; path = Assets.xcassets; sourceTree = "<group>"; };
		60C1AB9A2C1B1D4000E2A4B6 /* Info.plist */ = {isa = PBXFileReference; lastKnownFileType = text.plist.xml; path = Info.plist; sourceTree = "<group>"; };
/* End PBXFileReference section */

/* Begin PBXFrameworksBuildPhase section */
		60194B9C2BFB71A60040C037 /* Frameworks */ = {
			isa = PBXFrameworksBuildPhase;
			buildActionMask = 2147483647;
			files = (
				608F6F382C1DF13700A33B09 /* Common in Frameworks */,
			);
			runOnlyForDeploymentPostprocessing = 0;
		};
		60194BAE2BFB71A90040C037 /* Frameworks */ = {
			isa = PBXFrameworksBuildPhase;
			buildActionMask = 2147483647;
			files = (
			);
			runOnlyForDeploymentPostprocessing = 0;
		};
		60C1AB872C1B1D3E00E2A4B6 /* Frameworks */ = {
			isa = PBXFrameworksBuildPhase;
			buildActionMask = 2147483647;
			files = (
				60C1AB8E2C1B1D3E00E2A4B6 /* SwiftUI.framework in Frameworks */,
				60C1AB8C2C1B1D3E00E2A4B6 /* WidgetKit.framework in Frameworks */,
				608F6F362C1DF12400A33B09 /* Common in Frameworks */,
			);
			runOnlyForDeploymentPostprocessing = 0;
		};
/* End PBXFrameworksBuildPhase section */

/* Begin PBXGroup section */
		6000EDF52BFE21F300673F3E /* Doubles */ = {
			isa = PBXGroup;
			children = (
				6000EDF62BFE21FE00673F3E /* BundleMock.swift */,
				6000EDFA2BFE22D900673F3E /* URLProviderMock.swift */,
				6000EE022BFE28E200673F3E /* MovieResponseModelMock.swift */,
				6000EDFC2BFE22FE00673F3E /* NetworkServiceMock.swift */,
				6000EE002BFE27B400673F3E /* MockNetworkUseCase.swift */,
			);
			path = Doubles;
			sourceTree = "<group>";
		};
		60194B962BFB71A60040C037 = {
			isa = PBXGroup;
			children = (
				608584E62C1B3A210024AFDF /* FavoriteMoviesWidgetExtension.entitlements */,
				60194BA12BFB71A60040C037 /* MovieAPI&SwiftData */,
				60194BB42BFB71A90040C037 /* MovieAPI&SwiftDataTests */,
				60C1AB8F2C1B1D3E00E2A4B6 /* FavoriteMoviesWidget */,
				60194BA02BFB71A60040C037 /* Products */,
				606AD4F82BFB789600294319 /* Frameworks */,
			);
			sourceTree = "<group>";
		};
		60194BA02BFB71A60040C037 /* Products */ = {
			isa = PBXGroup;
			children = (
				60194B9F2BFB71A60040C037 /* MovieAPI&SwiftData.app */,
				60194BB12BFB71A90040C037 /* MovieAPI&SwiftDataTests.xctest */,
				60C1AB8A2C1B1D3E00E2A4B6 /* FavoriteMoviesWidgetExtension.appex */,
			);
			name = Products;
			sourceTree = "<group>";
		};
		60194BA12BFB71A60040C037 /* MovieAPI&SwiftData */ = {
			isa = PBXGroup;
			children = (
				608584E52C1B38D70024AFDF /* MovieAPI&SwiftData.entitlements */,
				6060FA992BFB87CA008B9EF0 /* MovieAPI-SwiftData-Info.plist */,
				60194BA22BFB71A60040C037 /* MovieAPI_SwiftDataApp.swift */,
				606AD5112BFB838C00294319 /* Extensions */,
				606AD50E2BFB830500294319 /* UIComponents */,
				606AD5072BFB804900294319 /* MovieList */,
				6060FA9C2BFB9421008B9EF0 /* MovieDetail */,
				60194BAA2BFB71A80040C037 /* Preview Content */,
				60194BA82BFB71A80040C037 /* Assets.xcassets */,
			);
			path = "MovieAPI&SwiftData";
			sourceTree = "<group>";
		};
		60194BAA2BFB71A80040C037 /* Preview Content */ = {
			isa = PBXGroup;
			children = (
				60194BAB2BFB71A80040C037 /* Preview Assets.xcassets */,
			);
			path = "Preview Content";
			sourceTree = "<group>";
		};
		60194BB42BFB71A90040C037 /* MovieAPI&SwiftDataTests */ = {
			isa = PBXGroup;
			children = (
				605862B92BFE33A900D8A298 /* ViewModelTests */,
				605862B82BFE338F00D8A298 /* NetworkServiceTests */,
			);
			path = "MovieAPI&SwiftDataTests";
			sourceTree = "<group>";
		};
		605862B82BFE338F00D8A298 /* NetworkServiceTests */ = {
			isa = PBXGroup;
			children = (
				6000EDFE2BFE279800673F3E /* MovieDataProviderTests.swift */,
				60194BB52BFB71A90040C037 /* URLProviderTests.swift */,
				6000EDF82BFE22BE00673F3E /* NetworkUseCaseTests.swift */,
				6000EDF52BFE21F300673F3E /* Doubles */,
			);
			path = NetworkServiceTests;
			sourceTree = "<group>";
		};
		605862B92BFE33A900D8A298 /* ViewModelTests */ = {
			isa = PBXGroup;
			children = (
				605862BA2BFE33C600D8A298 /* MovieListViewModelTests.swift */,
				605862BC2BFE35AB00D8A298 /* MovieDataProviderMock.swift */,
			);
			path = ViewModelTests;
			sourceTree = "<group>";
		};
		6060FA9C2BFB9421008B9EF0 /* MovieDetail */ = {
			isa = PBXGroup;
			children = (
				6060FA9D2BFB9430008B9EF0 /* MovieDetailView.swift */,
				6060FAA12BFB9563008B9EF0 /* MovieDetailViewModel.swift */,
			);
			path = MovieDetail;
			sourceTree = "<group>";
		};
		606AD4F82BFB789600294319 /* Frameworks */ = {
			isa = PBXGroup;
			children = (
				60C1AB8B2C1B1D3E00E2A4B6 /* WidgetKit.framework */,
				60C1AB8D2C1B1D3E00E2A4B6 /* SwiftUI.framework */,
			);
			name = Frameworks;
			sourceTree = "<group>";
		};
		606AD5072BFB804900294319 /* MovieList */ = {
			isa = PBXGroup;
			children = (
				60194BA42BFB71A60040C037 /* MovieListView.swift */,
				606AD5082BFB81D600294319 /* MovieListViewModel.swift */,
			);
			path = MovieList;
			sourceTree = "<group>";
		};
		606AD50E2BFB830500294319 /* UIComponents */ = {
			isa = PBXGroup;
			children = (
				606AD50F2BFB832A00294319 /* MovieCard.swift */,
				6060FAA52BFBAEAB008B9EF0 /* BookmarkIcon.swift */,
				6060FA9A2BFB8D78008B9EF0 /* Carousel.swift */,
				6060FA9F2BFB9512008B9EF0 /* InformationMovie.swift */,
			);
			path = UIComponents;
			sourceTree = "<group>";
		};
		606AD5112BFB838C00294319 /* Extensions */ = {
			isa = PBXGroup;
			children = (
				606AD5122BFB83AE00294319 /* UIImage+data.swift */,
				6060FAA92BFBB6C9008B9EF0 /* AppendIfNotContains.swift */,
			);
			path = Extensions;
			sourceTree = "<group>";
		};
		60C1AB8F2C1B1D3E00E2A4B6 /* FavoriteMoviesWidget */ = {
			isa = PBXGroup;
			children = (
				60C1AB902C1B1D3E00E2A4B6 /* FavoriteMoviesWidgetBundle.swift */,
				60C1AB942C1B1D3E00E2A4B6 /* FavoriteMoviesWidget.swift */,
				60C1AB982C1B1D4000E2A4B6 /* Assets.xcassets */,
				60C1AB9A2C1B1D4000E2A4B6 /* Info.plist */,
			);
			path = FavoriteMoviesWidget;
			sourceTree = "<group>";
		};
/* End PBXGroup section */

/* Begin PBXNativeTarget section */
		60194B9E2BFB71A60040C037 /* MovieAPI&SwiftData */ = {
			isa = PBXNativeTarget;
			buildConfigurationList = 60194BC52BFB71A90040C037 /* Build configuration list for PBXNativeTarget "MovieAPI&SwiftData" */;
			buildPhases = (
				60194B9B2BFB71A60040C037 /* Sources */,
				60194B9C2BFB71A60040C037 /* Frameworks */,
				60194B9D2BFB71A60040C037 /* Resources */,
				60C1AB9E2C1B1D4000E2A4B6 /* Embed Foundation Extensions */,
			);
			buildRules = (
			);
			dependencies = (
				60C1AB9C2C1B1D4000E2A4B6 /* PBXTargetDependency */,
			);
			name = "MovieAPI&SwiftData";
			packageProductDependencies = (
				608F6F372C1DF13700A33B09 /* Common */,
			);
			productName = "MovieAPI&SwiftData";
			productReference = 60194B9F2BFB71A60040C037 /* MovieAPI&SwiftData.app */;
			productType = "com.apple.product-type.application";
		};
		60194BB02BFB71A90040C037 /* MovieAPI&SwiftDataTests */ = {
			isa = PBXNativeTarget;
			buildConfigurationList = 60194BC82BFB71A90040C037 /* Build configuration list for PBXNativeTarget "MovieAPI&SwiftDataTests" */;
			buildPhases = (
				60194BAD2BFB71A90040C037 /* Sources */,
				60194BAE2BFB71A90040C037 /* Frameworks */,
				60194BAF2BFB71A90040C037 /* Resources */,
			);
			buildRules = (
			);
			dependencies = (
				60194BB32BFB71A90040C037 /* PBXTargetDependency */,
			);
			name = "MovieAPI&SwiftDataTests";
			productName = "MovieAPI&SwiftDataTests";
			productReference = 60194BB12BFB71A90040C037 /* MovieAPI&SwiftDataTests.xctest */;
			productType = "com.apple.product-type.bundle.unit-test";
		};
		60C1AB892C1B1D3E00E2A4B6 /* FavoriteMoviesWidgetExtension */ = {
			isa = PBXNativeTarget;
			buildConfigurationList = 60C1ABA12C1B1D4000E2A4B6 /* Build configuration list for PBXNativeTarget "FavoriteMoviesWidgetExtension" */;
			buildPhases = (
				60C1AB862C1B1D3E00E2A4B6 /* Sources */,
				60C1AB872C1B1D3E00E2A4B6 /* Frameworks */,
				60C1AB882C1B1D3E00E2A4B6 /* Resources */,
			);
			buildRules = (
			);
			dependencies = (
			);
			name = FavoriteMoviesWidgetExtension;
			packageProductDependencies = (
				608F6F352C1DF12400A33B09 /* Common */,
			);
			productName = FavoriteMoviesWidgetExtension;
			productReference = 60C1AB8A2C1B1D3E00E2A4B6 /* FavoriteMoviesWidgetExtension.appex */;
			productType = "com.apple.product-type.app-extension";
		};
/* End PBXNativeTarget section */

/* Begin PBXProject section */
		60194B972BFB71A60040C037 /* Project object */ = {
			isa = PBXProject;
			attributes = {
				BuildIndependentTargetsInParallel = 1;
				LastSwiftUpdateCheck = 1530;
				LastUpgradeCheck = 1530;
				TargetAttributes = {
					60194B9E2BFB71A60040C037 = {
						CreatedOnToolsVersion = 15.3;
					};
					60194BB02BFB71A90040C037 = {
						CreatedOnToolsVersion = 15.3;
						TestTargetID = 60194B9E2BFB71A60040C037;
					};
					60C1AB892C1B1D3E00E2A4B6 = {
						CreatedOnToolsVersion = 15.3;
					};
				};
			};
			buildConfigurationList = 60194B9A2BFB71A60040C037 /* Build configuration list for PBXProject "MovieAPI&SwiftData" */;
			compatibilityVersion = "Xcode 14.0";
			developmentRegion = en;
			hasScannedForEncodings = 0;
			knownRegions = (
				en,
				Base,
			);
			mainGroup = 60194B962BFB71A60040C037;
			packageReferences = (
				608F6F342C1DF08A00A33B09 /* XCLocalSwiftPackageReference "Common" */,
			);
			productRefGroup = 60194BA02BFB71A60040C037 /* Products */;
			projectDirPath = "";
			projectRoot = "";
			targets = (
				60194B9E2BFB71A60040C037 /* MovieAPI&SwiftData */,
				60194BB02BFB71A90040C037 /* MovieAPI&SwiftDataTests */,
				60C1AB892C1B1D3E00E2A4B6 /* FavoriteMoviesWidgetExtension */,
			);
		};
/* End PBXProject section */

/* Begin PBXResourcesBuildPhase section */
		60194B9D2BFB71A60040C037 /* Resources */ = {
			isa = PBXResourcesBuildPhase;
			buildActionMask = 2147483647;
			files = (
				60194BAC2BFB71A80040C037 /* Preview Assets.xcassets in Resources */,
				60194BA92BFB71A80040C037 /* Assets.xcassets in Resources */,
			);
			runOnlyForDeploymentPostprocessing = 0;
		};
		60194BAF2BFB71A90040C037 /* Resources */ = {
			isa = PBXResourcesBuildPhase;
			buildActionMask = 2147483647;
			files = (
			);
			runOnlyForDeploymentPostprocessing = 0;
		};
		60C1AB882C1B1D3E00E2A4B6 /* Resources */ = {
			isa = PBXResourcesBuildPhase;
			buildActionMask = 2147483647;
			files = (
				60C1AB992C1B1D4000E2A4B6 /* Assets.xcassets in Resources */,
			);
			runOnlyForDeploymentPostprocessing = 0;
		};
/* End PBXResourcesBuildPhase section */

/* Begin PBXSourcesBuildPhase section */
		60194B9B2BFB71A60040C037 /* Sources */ = {
			isa = PBXSourcesBuildPhase;
			buildActionMask = 2147483647;
			files = (
				606AD5102BFB832A00294319 /* MovieCard.swift in Sources */,
				6060FA9B2BFB8D78008B9EF0 /* Carousel.swift in Sources */,
				60194BA52BFB71A60040C037 /* MovieListView.swift in Sources */,
				6060FAAA2BFBB6C9008B9EF0 /* AppendIfNotContains.swift in Sources */,
				6060FAA62BFBAEAB008B9EF0 /* BookmarkIcon.swift in Sources */,
				6060FAA02BFB9512008B9EF0 /* InformationMovie.swift in Sources */,
				606AD5092BFB81D600294319 /* MovieListViewModel.swift in Sources */,
				6060FA9E2BFB9430008B9EF0 /* MovieDetailView.swift in Sources */,
				6060FAA22BFB9563008B9EF0 /* MovieDetailViewModel.swift in Sources */,
				60194BA32BFB71A60040C037 /* MovieAPI_SwiftDataApp.swift in Sources */,
				606AD5132BFB83AE00294319 /* UIImage+data.swift in Sources */,
			);
			runOnlyForDeploymentPostprocessing = 0;
		};
		60194BAD2BFB71A90040C037 /* Sources */ = {
			isa = PBXSourcesBuildPhase;
			buildActionMask = 2147483647;
			files = (
				6000EDFD2BFE22FE00673F3E /* NetworkServiceMock.swift in Sources */,
				605862BD2BFE35AB00D8A298 /* MovieDataProviderMock.swift in Sources */,
				6000EE032BFE28E200673F3E /* MovieResponseModelMock.swift in Sources */,
				6000EDFF2BFE279800673F3E /* MovieDataProviderTests.swift in Sources */,
				6000EDFB2BFE22D900673F3E /* URLProviderMock.swift in Sources */,
				6000EDF92BFE22BE00673F3E /* NetworkUseCaseTests.swift in Sources */,
				60194BB62BFB71A90040C037 /* URLProviderTests.swift in Sources */,
				6000EDF72BFE21FE00673F3E /* BundleMock.swift in Sources */,
				6000EE012BFE27B400673F3E /* MockNetworkUseCase.swift in Sources */,
				605862BB2BFE33C600D8A298 /* MovieListViewModelTests.swift in Sources */,
			);
			runOnlyForDeploymentPostprocessing = 0;
		};
		60C1AB862C1B1D3E00E2A4B6 /* Sources */ = {
			isa = PBXSourcesBuildPhase;
			buildActionMask = 2147483647;
			files = (
				60C1AB912C1B1D3E00E2A4B6 /* FavoriteMoviesWidgetBundle.swift in Sources */,
				60C1AB952C1B1D3E00E2A4B6 /* FavoriteMoviesWidget.swift in Sources */,
			);
			runOnlyForDeploymentPostprocessing = 0;
		};
/* End PBXSourcesBuildPhase section */

/* Begin PBXTargetDependency section */
		60194BB32BFB71A90040C037 /* PBXTargetDependency */ = {
			isa = PBXTargetDependency;
			target = 60194B9E2BFB71A60040C037 /* MovieAPI&SwiftData */;
			targetProxy = 60194BB22BFB71A90040C037 /* PBXContainerItemProxy */;
		};
		60C1AB9C2C1B1D4000E2A4B6 /* PBXTargetDependency */ = {
			isa = PBXTargetDependency;
			target = 60C1AB892C1B1D3E00E2A4B6 /* FavoriteMoviesWidgetExtension */;
			targetProxy = 60C1AB9B2C1B1D4000E2A4B6 /* PBXContainerItemProxy */;
		};
/* End PBXTargetDependency section */

/* Begin XCBuildConfiguration section */
		60194BC32BFB71A90040C037 /* Debug */ = {
			isa = XCBuildConfiguration;
			buildSettings = {
				ALWAYS_SEARCH_USER_PATHS = NO;
				ASSETCATALOG_COMPILER_GENERATE_SWIFT_ASSET_SYMBOL_EXTENSIONS = YES;
				CLANG_ANALYZER_NONNULL = YES;
				CLANG_ANALYZER_NUMBER_OBJECT_CONVERSION = YES_AGGRESSIVE;
				CLANG_CXX_LANGUAGE_STANDARD = "gnu++20";
				CLANG_ENABLE_MODULES = YES;
				CLANG_ENABLE_OBJC_ARC = YES;
				CLANG_ENABLE_OBJC_WEAK = YES;
				CLANG_WARN_BLOCK_CAPTURE_AUTORELEASING = YES;
				CLANG_WARN_BOOL_CONVERSION = YES;
				CLANG_WARN_COMMA = YES;
				CLANG_WARN_CONSTANT_CONVERSION = YES;
				CLANG_WARN_DEPRECATED_OBJC_IMPLEMENTATIONS = YES;
				CLANG_WARN_DIRECT_OBJC_ISA_USAGE = YES_ERROR;
				CLANG_WARN_DOCUMENTATION_COMMENTS = YES;
				CLANG_WARN_EMPTY_BODY = YES;
				CLANG_WARN_ENUM_CONVERSION = YES;
				CLANG_WARN_INFINITE_RECURSION = YES;
				CLANG_WARN_INT_CONVERSION = YES;
				CLANG_WARN_NON_LITERAL_NULL_CONVERSION = YES;
				CLANG_WARN_OBJC_IMPLICIT_RETAIN_SELF = YES;
				CLANG_WARN_OBJC_LITERAL_CONVERSION = YES;
				CLANG_WARN_OBJC_ROOT_CLASS = YES_ERROR;
				CLANG_WARN_QUOTED_INCLUDE_IN_FRAMEWORK_HEADER = YES;
				CLANG_WARN_RANGE_LOOP_ANALYSIS = YES;
				CLANG_WARN_STRICT_PROTOTYPES = YES;
				CLANG_WARN_SUSPICIOUS_MOVE = YES;
				CLANG_WARN_UNGUARDED_AVAILABILITY = YES_AGGRESSIVE;
				CLANG_WARN_UNREACHABLE_CODE = YES;
				CLANG_WARN__DUPLICATE_METHOD_MATCH = YES;
				COPY_PHASE_STRIP = NO;
				DEBUG_INFORMATION_FORMAT = dwarf;
				ENABLE_STRICT_OBJC_MSGSEND = YES;
				ENABLE_TESTABILITY = YES;
				ENABLE_USER_SCRIPT_SANDBOXING = YES;
				GCC_C_LANGUAGE_STANDARD = gnu17;
				GCC_DYNAMIC_NO_PIC = NO;
				GCC_NO_COMMON_BLOCKS = YES;
				GCC_OPTIMIZATION_LEVEL = 0;
				GCC_PREPROCESSOR_DEFINITIONS = (
					"DEBUG=1",
					"$(inherited)",
				);
				GCC_WARN_64_TO_32_BIT_CONVERSION = YES;
				GCC_WARN_ABOUT_RETURN_TYPE = YES_ERROR;
				GCC_WARN_UNDECLARED_SELECTOR = YES;
				GCC_WARN_UNINITIALIZED_AUTOS = YES_AGGRESSIVE;
				GCC_WARN_UNUSED_FUNCTION = YES;
				GCC_WARN_UNUSED_VARIABLE = YES;
				IPHONEOS_DEPLOYMENT_TARGET = 17.0;
				LOCALIZATION_PREFERS_STRING_CATALOGS = YES;
				MTL_ENABLE_DEBUG_INFO = INCLUDE_SOURCE;
				MTL_FAST_MATH = YES;
				ONLY_ACTIVE_ARCH = YES;
				SDKROOT = iphoneos;
				SWIFT_ACTIVE_COMPILATION_CONDITIONS = "DEBUG $(inherited)";
				SWIFT_OPTIMIZATION_LEVEL = "-Onone";
			};
			name = Debug;
		};
		60194BC42BFB71A90040C037 /* Release */ = {
			isa = XCBuildConfiguration;
			buildSettings = {
				ALWAYS_SEARCH_USER_PATHS = NO;
				ASSETCATALOG_COMPILER_GENERATE_SWIFT_ASSET_SYMBOL_EXTENSIONS = YES;
				CLANG_ANALYZER_NONNULL = YES;
				CLANG_ANALYZER_NUMBER_OBJECT_CONVERSION = YES_AGGRESSIVE;
				CLANG_CXX_LANGUAGE_STANDARD = "gnu++20";
				CLANG_ENABLE_MODULES = YES;
				CLANG_ENABLE_OBJC_ARC = YES;
				CLANG_ENABLE_OBJC_WEAK = YES;
				CLANG_WARN_BLOCK_CAPTURE_AUTORELEASING = YES;
				CLANG_WARN_BOOL_CONVERSION = YES;
				CLANG_WARN_COMMA = YES;
				CLANG_WARN_CONSTANT_CONVERSION = YES;
				CLANG_WARN_DEPRECATED_OBJC_IMPLEMENTATIONS = YES;
				CLANG_WARN_DIRECT_OBJC_ISA_USAGE = YES_ERROR;
				CLANG_WARN_DOCUMENTATION_COMMENTS = YES;
				CLANG_WARN_EMPTY_BODY = YES;
				CLANG_WARN_ENUM_CONVERSION = YES;
				CLANG_WARN_INFINITE_RECURSION = YES;
				CLANG_WARN_INT_CONVERSION = YES;
				CLANG_WARN_NON_LITERAL_NULL_CONVERSION = YES;
				CLANG_WARN_OBJC_IMPLICIT_RETAIN_SELF = YES;
				CLANG_WARN_OBJC_LITERAL_CONVERSION = YES;
				CLANG_WARN_OBJC_ROOT_CLASS = YES_ERROR;
				CLANG_WARN_QUOTED_INCLUDE_IN_FRAMEWORK_HEADER = YES;
				CLANG_WARN_RANGE_LOOP_ANALYSIS = YES;
				CLANG_WARN_STRICT_PROTOTYPES = YES;
				CLANG_WARN_SUSPICIOUS_MOVE = YES;
				CLANG_WARN_UNGUARDED_AVAILABILITY = YES_AGGRESSIVE;
				CLANG_WARN_UNREACHABLE_CODE = YES;
				CLANG_WARN__DUPLICATE_METHOD_MATCH = YES;
				COPY_PHASE_STRIP = NO;
				DEBUG_INFORMATION_FORMAT = "dwarf-with-dsym";
				ENABLE_NS_ASSERTIONS = NO;
				ENABLE_STRICT_OBJC_MSGSEND = YES;
				ENABLE_USER_SCRIPT_SANDBOXING = YES;
				GCC_C_LANGUAGE_STANDARD = gnu17;
				GCC_NO_COMMON_BLOCKS = YES;
				GCC_WARN_64_TO_32_BIT_CONVERSION = YES;
				GCC_WARN_ABOUT_RETURN_TYPE = YES_ERROR;
				GCC_WARN_UNDECLARED_SELECTOR = YES;
				GCC_WARN_UNINITIALIZED_AUTOS = YES_AGGRESSIVE;
				GCC_WARN_UNUSED_FUNCTION = YES;
				GCC_WARN_UNUSED_VARIABLE = YES;
				IPHONEOS_DEPLOYMENT_TARGET = 17.0;
				LOCALIZATION_PREFERS_STRING_CATALOGS = YES;
				MTL_ENABLE_DEBUG_INFO = NO;
				MTL_FAST_MATH = YES;
				SDKROOT = iphoneos;
				SWIFT_COMPILATION_MODE = wholemodule;
				VALIDATE_PRODUCT = YES;
			};
			name = Release;
		};
		60194BC62BFB71A90040C037 /* Debug */ = {
			isa = XCBuildConfiguration;
			buildSettings = {
				ALWAYS_EMBED_SWIFT_STANDARD_LIBRARIES = YES;
				ASSETCATALOG_COMPILER_APPICON_NAME = AppIcon;
				ASSETCATALOG_COMPILER_GLOBAL_ACCENT_COLOR_NAME = AccentColor;
				CODE_SIGN_ENTITLEMENTS = "MovieAPI&SwiftData/MovieAPI&SwiftData.entitlements";
				CODE_SIGN_STYLE = Automatic;
				CURRENT_PROJECT_VERSION = 1;
				DEVELOPMENT_ASSET_PATHS = "\"MovieAPI&SwiftData/Preview Content\"";
				DEVELOPMENT_TEAM = FHMJUU9NHT;
				ENABLE_PREVIEWS = YES;
				GENERATE_INFOPLIST_FILE = YES;
				INFOPLIST_FILE = "MovieAPI-SwiftData-Info.plist";
				INFOPLIST_KEY_UIApplicationSceneManifest_Generation = YES;
				INFOPLIST_KEY_UIApplicationSupportsIndirectInputEvents = YES;
				INFOPLIST_KEY_UILaunchScreen_Generation = YES;
				INFOPLIST_KEY_UISupportedInterfaceOrientations_iPad = "UIInterfaceOrientationPortrait UIInterfaceOrientationPortraitUpsideDown UIInterfaceOrientationLandscapeLeft UIInterfaceOrientationLandscapeRight";
				INFOPLIST_KEY_UISupportedInterfaceOrientations_iPhone = "UIInterfaceOrientationPortrait UIInterfaceOrientationLandscapeLeft UIInterfaceOrientationLandscapeRight";
				LD_RUNPATH_SEARCH_PATHS = (
					"$(inherited)",
					"@executable_path/Frameworks",
				);
				MARKETING_VERSION = 1.0;
				PRODUCT_BUNDLE_IDENTIFIER = "matheusProjects.MovieAPI-SwiftData";
				PRODUCT_NAME = "$(TARGET_NAME)";
				SWIFT_EMIT_LOC_STRINGS = YES;
				SWIFT_VERSION = 5.0;
				TARGETED_DEVICE_FAMILY = "1,2";
			};
			name = Debug;
		};
		60194BC72BFB71A90040C037 /* Release */ = {
			isa = XCBuildConfiguration;
			buildSettings = {
				ALWAYS_EMBED_SWIFT_STANDARD_LIBRARIES = YES;
				ASSETCATALOG_COMPILER_APPICON_NAME = AppIcon;
				ASSETCATALOG_COMPILER_GLOBAL_ACCENT_COLOR_NAME = AccentColor;
				CODE_SIGN_ENTITLEMENTS = "MovieAPI&SwiftData/MovieAPI&SwiftData.entitlements";
				CODE_SIGN_STYLE = Automatic;
				CURRENT_PROJECT_VERSION = 1;
				DEVELOPMENT_ASSET_PATHS = "\"MovieAPI&SwiftData/Preview Content\"";
				DEVELOPMENT_TEAM = FHMJUU9NHT;
				ENABLE_PREVIEWS = YES;
				GENERATE_INFOPLIST_FILE = YES;
				INFOPLIST_FILE = "MovieAPI-SwiftData-Info.plist";
				INFOPLIST_KEY_UIApplicationSceneManifest_Generation = YES;
				INFOPLIST_KEY_UIApplicationSupportsIndirectInputEvents = YES;
				INFOPLIST_KEY_UILaunchScreen_Generation = YES;
				INFOPLIST_KEY_UISupportedInterfaceOrientations_iPad = "UIInterfaceOrientationPortrait UIInterfaceOrientationPortraitUpsideDown UIInterfaceOrientationLandscapeLeft UIInterfaceOrientationLandscapeRight";
				INFOPLIST_KEY_UISupportedInterfaceOrientations_iPhone = "UIInterfaceOrientationPortrait UIInterfaceOrientationLandscapeLeft UIInterfaceOrientationLandscapeRight";
				LD_RUNPATH_SEARCH_PATHS = (
					"$(inherited)",
					"@executable_path/Frameworks",
				);
				MARKETING_VERSION = 1.0;
				PRODUCT_BUNDLE_IDENTIFIER = "matheusProjects.MovieAPI-SwiftData";
				PRODUCT_NAME = "$(TARGET_NAME)";
				SWIFT_EMIT_LOC_STRINGS = YES;
				SWIFT_VERSION = 5.0;
				TARGETED_DEVICE_FAMILY = "1,2";
			};
			name = Release;
		};
		60194BC92BFB71A90040C037 /* Debug */ = {
			isa = XCBuildConfiguration;
			buildSettings = {
				ALWAYS_EMBED_SWIFT_STANDARD_LIBRARIES = YES;
				BUNDLE_LOADER = "$(TEST_HOST)";
				CODE_SIGN_STYLE = Automatic;
				CURRENT_PROJECT_VERSION = 1;
				DEVELOPMENT_TEAM = FHMJUU9NHT;
				GENERATE_INFOPLIST_FILE = YES;
				IPHONEOS_DEPLOYMENT_TARGET = 17.4;
				MARKETING_VERSION = 1.0;
				PRODUCT_BUNDLE_IDENTIFIER = "matheusProjects.MovieAPI-SwiftDataTests";
				PRODUCT_NAME = "$(TARGET_NAME)";
				SWIFT_EMIT_LOC_STRINGS = NO;
				SWIFT_VERSION = 5.0;
				TARGETED_DEVICE_FAMILY = "1,2";
				TEST_HOST = "$(BUILT_PRODUCTS_DIR)/MovieAPI&SwiftData.app/$(BUNDLE_EXECUTABLE_FOLDER_PATH)/MovieAPI&SwiftData";
			};
			name = Debug;
		};
		60194BCA2BFB71A90040C037 /* Release */ = {
			isa = XCBuildConfiguration;
			buildSettings = {
				ALWAYS_EMBED_SWIFT_STANDARD_LIBRARIES = YES;
				BUNDLE_LOADER = "$(TEST_HOST)";
				CODE_SIGN_STYLE = Automatic;
				CURRENT_PROJECT_VERSION = 1;
				DEVELOPMENT_TEAM = FHMJUU9NHT;
				GENERATE_INFOPLIST_FILE = YES;
				IPHONEOS_DEPLOYMENT_TARGET = 17.4;
				MARKETING_VERSION = 1.0;
				PRODUCT_BUNDLE_IDENTIFIER = "matheusProjects.MovieAPI-SwiftDataTests";
				PRODUCT_NAME = "$(TARGET_NAME)";
				SWIFT_EMIT_LOC_STRINGS = NO;
				SWIFT_VERSION = 5.0;
				TARGETED_DEVICE_FAMILY = "1,2";
				TEST_HOST = "$(BUILT_PRODUCTS_DIR)/MovieAPI&SwiftData.app/$(BUNDLE_EXECUTABLE_FOLDER_PATH)/MovieAPI&SwiftData";
			};
			name = Release;
		};
		60C1AB9F2C1B1D4000E2A4B6 /* Debug */ = {
			isa = XCBuildConfiguration;
			buildSettings = {
				ASSETCATALOG_COMPILER_GLOBAL_ACCENT_COLOR_NAME = AccentColor;
				ASSETCATALOG_COMPILER_WIDGET_BACKGROUND_COLOR_NAME = WidgetBackground;
				CODE_SIGN_ENTITLEMENTS = FavoriteMoviesWidgetExtension.entitlements;
				CODE_SIGN_STYLE = Automatic;
				CURRENT_PROJECT_VERSION = 1;
				DEVELOPMENT_TEAM = FHMJUU9NHT;
				GENERATE_INFOPLIST_FILE = YES;
				INFOPLIST_FILE = FavoriteMoviesWidget/Info.plist;
				INFOPLIST_KEY_CFBundleDisplayName = FavoriteMoviesWidget;
				INFOPLIST_KEY_NSHumanReadableCopyright = "";
				IPHONEOS_DEPLOYMENT_TARGET = 17.4;
				LD_RUNPATH_SEARCH_PATHS = (
					"$(inherited)",
					"@executable_path/Frameworks",
					"@executable_path/../../Frameworks",
				);
				MARKETING_VERSION = 1.0;
				PRODUCT_BUNDLE_IDENTIFIER = "matheusProjects.MovieAPI-SwiftData.FavoriteMoviesWidget";
				PRODUCT_NAME = "$(TARGET_NAME)";
				SKIP_INSTALL = YES;
				SWIFT_EMIT_LOC_STRINGS = YES;
				SWIFT_VERSION = 5.0;
				TARGETED_DEVICE_FAMILY = "1,2";
			};
			name = Debug;
		};
		60C1ABA02C1B1D4000E2A4B6 /* Release */ = {
			isa = XCBuildConfiguration;
			buildSettings = {
				ASSETCATALOG_COMPILER_GLOBAL_ACCENT_COLOR_NAME = AccentColor;
				ASSETCATALOG_COMPILER_WIDGET_BACKGROUND_COLOR_NAME = WidgetBackground;
				CODE_SIGN_ENTITLEMENTS = FavoriteMoviesWidgetExtension.entitlements;
				CODE_SIGN_STYLE = Automatic;
				CURRENT_PROJECT_VERSION = 1;
				DEVELOPMENT_TEAM = FHMJUU9NHT;
				GENERATE_INFOPLIST_FILE = YES;
				INFOPLIST_FILE = FavoriteMoviesWidget/Info.plist;
				INFOPLIST_KEY_CFBundleDisplayName = FavoriteMoviesWidget;
				INFOPLIST_KEY_NSHumanReadableCopyright = "";
				IPHONEOS_DEPLOYMENT_TARGET = 17.4;
				LD_RUNPATH_SEARCH_PATHS = (
					"$(inherited)",
					"@executable_path/Frameworks",
					"@executable_path/../../Frameworks",
				);
				MARKETING_VERSION = 1.0;
				PRODUCT_BUNDLE_IDENTIFIER = "matheusProjects.MovieAPI-SwiftData.FavoriteMoviesWidget";
				PRODUCT_NAME = "$(TARGET_NAME)";
				SKIP_INSTALL = YES;
				SWIFT_EMIT_LOC_STRINGS = YES;
				SWIFT_VERSION = 5.0;
				TARGETED_DEVICE_FAMILY = "1,2";
			};
			name = Release;
		};
/* End XCBuildConfiguration section */

/* Begin XCConfigurationList section */
		60194B9A2BFB71A60040C037 /* Build configuration list for PBXProject "MovieAPI&SwiftData" */ = {
			isa = XCConfigurationList;
			buildConfigurations = (
				60194BC32BFB71A90040C037 /* Debug */,
				60194BC42BFB71A90040C037 /* Release */,
			);
			defaultConfigurationIsVisible = 0;
			defaultConfigurationName = Release;
		};
		60194BC52BFB71A90040C037 /* Build configuration list for PBXNativeTarget "MovieAPI&SwiftData" */ = {
			isa = XCConfigurationList;
			buildConfigurations = (
				60194BC62BFB71A90040C037 /* Debug */,
				60194BC72BFB71A90040C037 /* Release */,
			);
			defaultConfigurationIsVisible = 0;
			defaultConfigurationName = Release;
		};
		60194BC82BFB71A90040C037 /* Build configuration list for PBXNativeTarget "MovieAPI&SwiftDataTests" */ = {
			isa = XCConfigurationList;
			buildConfigurations = (
				60194BC92BFB71A90040C037 /* Debug */,
				60194BCA2BFB71A90040C037 /* Release */,
			);
			defaultConfigurationIsVisible = 0;
			defaultConfigurationName = Release;
		};
		60C1ABA12C1B1D4000E2A4B6 /* Build configuration list for PBXNativeTarget "FavoriteMoviesWidgetExtension" */ = {
			isa = XCConfigurationList;
			buildConfigurations = (
				60C1AB9F2C1B1D4000E2A4B6 /* Debug */,
				60C1ABA02C1B1D4000E2A4B6 /* Release */,
			);
			defaultConfigurationIsVisible = 0;
			defaultConfigurationName = Release;
		};
/* End XCConfigurationList section */

/* Begin XCLocalSwiftPackageReference section */
		608F6F342C1DF08A00A33B09 /* XCLocalSwiftPackageReference "Common" */ = {
			isa = XCLocalSwiftPackageReference;
			relativePath = Common;
		};
/* End XCLocalSwiftPackageReference section */

/* Begin XCSwiftPackageProductDependency section */
		608F6F352C1DF12400A33B09 /* Common */ = {
			isa = XCSwiftPackageProductDependency;
			package = 608F6F342C1DF08A00A33B09 /* XCLocalSwiftPackageReference "Common" */;
			productName = Common;
		};
		608F6F372C1DF13700A33B09 /* Common */ = {
			isa = XCSwiftPackageProductDependency;
			package = 608F6F342C1DF08A00A33B09 /* XCLocalSwiftPackageReference "Common" */;
			productName = Common;
		};
/* End XCSwiftPackageProductDependency section */
	};
	rootObject = 60194B972BFB71A60040C037 /* Project object */;
}
