// !$*UTF8*$!
{
	archiveVersion = 1;
	classes = {
	};
	objectVersion = 60;
	objects = {

/* Begin PBXBuildFile section */
		60194BA32BFB71A60040C037 /* MovieAPI_SwiftDataApp.swift in Sources */ = {isa = PBXBuildFile; fileRef = 60194BA22BFB71A60040C037 /* MovieAPI_SwiftDataApp.swift */; };
		60194BA52BFB71A60040C037 /* ContentView.swift in Sources */ = {isa = PBXBuildFile; fileRef = 60194BA42BFB71A60040C037 /* ContentView.swift */; };
		60194BA72BFB71A60040C037 /* Item.swift in Sources */ = {isa = PBXBuildFile; fileRef = 60194BA62BFB71A60040C037 /* Item.swift */; };
		60194BA92BFB71A80040C037 /* Assets.xcassets in Resources */ = {isa = PBXBuildFile; fileRef = 60194BA82BFB71A80040C037 /* Assets.xcassets */; };
		60194BAC2BFB71A80040C037 /* Preview Assets.xcassets in Resources */ = {isa = PBXBuildFile; fileRef = 60194BAB2BFB71A80040C037 /* Preview Assets.xcassets */; };
		60194BB62BFB71A90040C037 /* MovieAPI_SwiftDataTests.swift in Sources */ = {isa = PBXBuildFile; fileRef = 60194BB52BFB71A90040C037 /* MovieAPI_SwiftDataTests.swift */; };
		606AD4FA2BFB789600294319 /* NetworkService in Frameworks */ = {isa = PBXBuildFile; productRef = 606AD4F92BFB789600294319 /* NetworkService */; };
/* End PBXBuildFile section */

/* Begin PBXContainerItemProxy section */
		60194BB22BFB71A90040C037 /* PBXContainerItemProxy */ = {
			isa = PBXContainerItemProxy;
			containerPortal = 60194B972BFB71A60040C037 /* Project object */;
			proxyType = 1;
			remoteGlobalIDString = 60194B9E2BFB71A60040C037;
			remoteInfo = "MovieAPI&SwiftData";
		};
/* End PBXContainerItemProxy section */

/* Begin PBXFileReference section */
		60194B9F2BFB71A60040C037 /* MovieAPI&SwiftData.app */ = {isa = PBXFileReference; explicitFileType = wrapper.application; includeInIndex = 0; path = "MovieAPI&SwiftData.app"; sourceTree = BUILT_PRODUCTS_DIR; };
		60194BA22BFB71A60040C037 /* MovieAPI_SwiftDataApp.swift */ = {isa = PBXFileReference; lastKnownFileType = sourcecode.swift; path = MovieAPI_SwiftDataApp.swift; sourceTree = "<group>"; };
		60194BA42BFB71A60040C037 /* ContentView.swift */ = {isa = PBXFileReference; lastKnownFileType = sourcecode.swift; path = ContentView.swift; sourceTree = "<group>"; };
		60194BA62BFB71A60040C037 /* Item.swift */ = {isa = PBXFileReference; lastKnownFileType = sourcecode.swift; path = Item.swift; sourceTree = "<group>"; };
		60194BA82BFB71A80040C037 /* Assets.xcassets */ = {isa = PBXFileReference; lastKnownFileType = folder.assetcatalog; path = Assets.xcassets; sourceTree = "<group>"; };
		60194BAB2BFB71A80040C037 /* Preview Assets.xcassets */ = {isa = PBXFileReference; lastKnownFileType = folder.assetcatalog; path = "Preview Assets.xcassets"; sourceTree = "<group>"; };
		60194BB12BFB71A90040C037 /* MovieAPI&SwiftDataTests.xctest */ = {isa = PBXFileReference; explicitFileType = wrapper.cfbundle; includeInIndex = 0; path = "MovieAPI&SwiftDataTests.xctest"; sourceTree = BUILT_PRODUCTS_DIR; };
		60194BB52BFB71A90040C037 /* MovieAPI_SwiftDataTests.swift */ = {isa = PBXFileReference; lastKnownFileType = sourcecode.swift; path = MovieAPI_SwiftDataTests.swift; sourceTree = "<group>"; };
/* End PBXFileReference section */

/* Begin PBXFrameworksBuildPhase section */
		60194B9C2BFB71A60040C037 /* Frameworks */ = {
			isa = PBXFrameworksBuildPhase;
			buildActionMask = 2147483647;
			files = (
				606AD4FA2BFB789600294319 /* NetworkService in Frameworks */,
			);
			runOnlyForDeploymentPostprocessing = 0;
		};
		60194BAE2BFB71A90040C037 /* Frameworks */ = {
			isa = PBXFrameworksBuildPhase;
			buildActionMask = 2147483647;
			files = (
			);
			runOnlyForDeploymentPostprocessing = 0;
		};
/* End PBXFrameworksBuildPhase section */

/* Begin PBXGroup section */
		60194B962BFB71A60040C037 = {
			isa = PBXGroup;
			children = (
				60194BA12BFB71A60040C037 /* MovieAPI&SwiftData */,
				60194BB42BFB71A90040C037 /* MovieAPI&SwiftDataTests */,
				60194BA02BFB71A60040C037 /* Products */,
				606AD4F82BFB789600294319 /* Frameworks */,
			);
			sourceTree = "<group>";
		};
		60194BA02BFB71A60040C037 /* Products */ = {
			isa = PBXGroup;
			children = (
				60194B9F2BFB71A60040C037 /* MovieAPI&SwiftData.app */,
				60194BB12BFB71A90040C037 /* MovieAPI&SwiftDataTests.xctest */,
			);
			name = Products;
			sourceTree = "<group>";
		};
		60194BA12BFB71A60040C037 /* MovieAPI&SwiftData */ = {
			isa = PBXGroup;
			children = (
				60194BAA2BFB71A80040C037 /* Preview Content */,
				60194BA22BFB71A60040C037 /* MovieAPI_SwiftDataApp.swift */,
				60194BA42BFB71A60040C037 /* ContentView.swift */,
				60194BA62BFB71A60040C037 /* Item.swift */,
				60194BA82BFB71A80040C037 /* Assets.xcassets */,
			);
			path = "MovieAPI&SwiftData";
			sourceTree = "<group>";
		};
		60194BAA2BFB71A80040C037 /* Preview Content */ = {
			isa = PBXGroup;
			children = (
				60194BAB2BFB71A80040C037 /* Preview Assets.xcassets */,
			);
			path = "Preview Content";
			sourceTree = "<group>";
		};
		60194BB42BFB71A90040C037 /* MovieAPI&SwiftDataTests */ = {
			isa = PBXGroup;
			children = (
				60194BB52BFB71A90040C037 /* MovieAPI_SwiftDataTests.swift */,
			);
			path = "MovieAPI&SwiftDataTests";
			sourceTree = "<group>";
		};
		606AD4F82BFB789600294319 /* Frameworks */ = {
			isa = PBXGroup;
			children = (
			);
			name = Frameworks;
			sourceTree = "<group>";
		};
/* End PBXGroup section */

/* Begin PBXNativeTarget section */
		60194B9E2BFB71A60040C037 /* MovieAPI&SwiftData */ = {
			isa = PBXNativeTarget;
			buildConfigurationList = 60194BC52BFB71A90040C037 /* Build configuration list for PBXNativeTarget "MovieAPI&SwiftData" */;
			buildPhases = (
				60194B9B2BFB71A60040C037 /* Sources */,
				60194B9C2BFB71A60040C037 /* Frameworks */,
				60194B9D2BFB71A60040C037 /* Resources */,
			);
			buildRules = (
			);
			dependencies = (
			);
			name = "MovieAPI&SwiftData";
			packageProductDependencies = (
				606AD4F92BFB789600294319 /* NetworkService */,
			);
			productName = "MovieAPI&SwiftData";
			productReference = 60194B9F2BFB71A60040C037 /* MovieAPI&SwiftData.app */;
			productType = "com.apple.product-type.application";
		};
		60194BB02BFB71A90040C037 /* MovieAPI&SwiftDataTests */ = {
			isa = PBXNativeTarget;
			buildConfigurationList = 60194BC82BFB71A90040C037 /* Build configuration list for PBXNativeTarget "MovieAPI&SwiftDataTests" */;
			buildPhases = (
				60194BAD2BFB71A90040C037 /* Sources */,
				60194BAE2BFB71A90040C037 /* Frameworks */,
				60194BAF2BFB71A90040C037 /* Resources */,
			);
			buildRules = (
			);
			dependencies = (
				60194BB32BFB71A90040C037 /* PBXTargetDependency */,
			);
			name = "MovieAPI&SwiftDataTests";
			productName = "MovieAPI&SwiftDataTests";
			productReference = 60194BB12BFB71A90040C037 /* MovieAPI&SwiftDataTests.xctest */;
			productType = "com.apple.product-type.bundle.unit-test";
		};
/* End PBXNativeTarget section */

/* Begin PBXProject section */
		60194B972BFB71A60040C037 /* Project object */ = {
			isa = PBXProject;
			attributes = {
				BuildIndependentTargetsInParallel = 1;
				LastSwiftUpdateCheck = 1530;
				LastUpgradeCheck = 1530;
				TargetAttributes = {
					60194B9E2BFB71A60040C037 = {
						CreatedOnToolsVersion = 15.3;
					};
					60194BB02BFB71A90040C037 = {
						CreatedOnToolsVersion = 15.3;
						TestTargetID = 60194B9E2BFB71A60040C037;
					};
				};
			};
			buildConfigurationList = 60194B9A2BFB71A60040C037 /* Build configuration list for PBXProject "MovieAPI&SwiftData" */;
			compatibilityVersion = "Xcode 14.0";
			developmentRegion = en;
			hasScannedForEncodings = 0;
			knownRegions = (
				en,
				Base,
			);
			mainGroup = 60194B962BFB71A60040C037;
			packageReferences = (
				60194BCE2BFB74020040C037 /* XCLocalSwiftPackageReference "NetworkService" */,
			);
			productRefGroup = 60194BA02BFB71A60040C037 /* Products */;
			projectDirPath = "";
			projectRoot = "";
			targets = (
				60194B9E2BFB71A60040C037 /* MovieAPI&SwiftData */,
				60194BB02BFB71A90040C037 /* MovieAPI&SwiftDataTests */,
			);
		};
/* End PBXProject section */

/* Begin PBXResourcesBuildPhase section */
		60194B9D2BFB71A60040C037 /* Resources */ = {
			isa = PBXResourcesBuildPhase;
			buildActionMask = 2147483647;
			files = (
				60194BAC2BFB71A80040C037 /* Preview Assets.xcassets in Resources */,
				60194BA92BFB71A80040C037 /* Assets.xcassets in Resources */,
			);
			runOnlyForDeploymentPostprocessing = 0;
		};
		60194BAF2BFB71A90040C037 /* Resources */ = {
			isa = PBXResourcesBuildPhase;
			buildActionMask = 2147483647;
			files = (
			);
			runOnlyForDeploymentPostprocessing = 0;
		};
/* End PBXResourcesBuildPhase section */

/* Begin PBXSourcesBuildPhase section */
		60194B9B2BFB71A60040C037 /* Sources */ = {
			isa = PBXSourcesBuildPhase;
			buildActionMask = 2147483647;
			files = (
				60194BA52BFB71A60040C037 /* ContentView.swift in Sources */,
				60194BA72BFB71A60040C037 /* Item.swift in Sources */,
				60194BA32BFB71A60040C037 /* MovieAPI_SwiftDataApp.swift in Sources */,
			);
			runOnlyForDeploymentPostprocessing = 0;
		};
		60194BAD2BFB71A90040C037 /* Sources */ = {
			isa = PBXSourcesBuildPhase;
			buildActionMask = 2147483647;
			files = (
				60194BB62BFB71A90040C037 /* MovieAPI_SwiftDataTests.swift in Sources */,
			);
			runOnlyForDeploymentPostprocessing = 0;
		};
/* End PBXSourcesBuildPhase section */

/* Begin PBXTargetDependency section */
		60194BB32BFB71A90040C037 /* PBXTargetDependency */ = {
			isa = PBXTargetDependency;
			target = 60194B9E2BFB71A60040C037 /* MovieAPI&SwiftData */;
			targetProxy = 60194BB22BFB71A90040C037 /* PBXContainerItemProxy */;
		};
/* End PBXTargetDependency section */

/* Begin XCBuildConfiguration section */
		60194BC32BFB71A90040C037 /* Debug */ = {
			isa = XCBuildConfiguration;
			buildSettings = {
				ALWAYS_SEARCH_USER_PATHS = NO;
				ASSETCATALOG_COMPILER_GENERATE_SWIFT_ASSET_SYMBOL_EXTENSIONS = YES;
				CLANG_ANALYZER_NONNULL = YES;
				CLANG_ANALYZER_NUMBER_OBJECT_CONVERSION = YES_AGGRESSIVE;
				CLANG_CXX_LANGUAGE_STANDARD = "gnu++20";
				CLANG_ENABLE_MODULES = YES;
				CLANG_ENABLE_OBJC_ARC = YES;
				CLANG_ENABLE_OBJC_WEAK = YES;
				CLANG_WARN_BLOCK_CAPTURE_AUTORELEASING = YES;
				CLANG_WARN_BOOL_CONVERSION = YES;
				CLANG_WARN_COMMA = YES;
				CLANG_WARN_CONSTANT_CONVERSION = YES;
				CLANG_WARN_DEPRECATED_OBJC_IMPLEMENTATIONS = YES;
				CLANG_WARN_DIRECT_OBJC_ISA_USAGE = YES_ERROR;
				CLANG_WARN_DOCUMENTATION_COMMENTS = YES;
				CLANG_WARN_EMPTY_BODY = YES;
				CLANG_WARN_ENUM_CONVERSION = YES;
				CLANG_WARN_INFINITE_RECURSION = YES;
				CLANG_WARN_INT_CONVERSION = YES;
				CLANG_WARN_NON_LITERAL_NULL_CONVERSION = YES;
				CLANG_WARN_OBJC_IMPLICIT_RETAIN_SELF = YES;
				CLANG_WARN_OBJC_LITERAL_CONVERSION = YES;
				CLANG_WARN_OBJC_ROOT_CLASS = YES_ERROR;
				CLANG_WARN_QUOTED_INCLUDE_IN_FRAMEWORK_HEADER = YES;
				CLANG_WARN_RANGE_LOOP_ANALYSIS = YES;
				CLANG_WARN_STRICT_PROTOTYPES = YES;
				CLANG_WARN_SUSPICIOUS_MOVE = YES;
				CLANG_WARN_UNGUARDED_AVAILABILITY = YES_AGGRESSIVE;
				CLANG_WARN_UNREACHABLE_CODE = YES;
				CLANG_WARN__DUPLICATE_METHOD_MATCH = YES;
				COPY_PHASE_STRIP = NO;
				DEBUG_INFORMATION_FORMAT = dwarf;
				ENABLE_STRICT_OBJC_MSGSEND = YES;
				ENABLE_TESTABILITY = YES;
				ENABLE_USER_SCRIPT_SANDBOXING = YES;
				GCC_C_LANGUAGE_STANDARD = gnu17;
				GCC_DYNAMIC_NO_PIC = NO;
				GCC_NO_COMMON_BLOCKS = YES;
				GCC_OPTIMIZATION_LEVEL = 0;
				GCC_PREPROCESSOR_DEFINITIONS = (
					"DEBUG=1",
					"$(inherited)",
				);
				GCC_WARN_64_TO_32_BIT_CONVERSION = YES;
				GCC_WARN_ABOUT_RETURN_TYPE = YES_ERROR;
				GCC_WARN_UNDECLARED_SELECTOR = YES;
				GCC_WARN_UNINITIALIZED_AUTOS = YES_AGGRESSIVE;
				GCC_WARN_UNUSED_FUNCTION = YES;
				GCC_WARN_UNUSED_VARIABLE = YES;
				IPHONEOS_DEPLOYMENT_TARGET = 17.4;
				LOCALIZATION_PREFERS_STRING_CATALOGS = YES;
				MTL_ENABLE_DEBUG_INFO = INCLUDE_SOURCE;
				MTL_FAST_MATH = YES;
				ONLY_ACTIVE_ARCH = YES;
				SDKROOT = iphoneos;
				SWIFT_ACTIVE_COMPILATION_CONDITIONS = "DEBUG $(inherited)";
				SWIFT_OPTIMIZATION_LEVEL = "-Onone";
			};
			name = Debug;
		};
		60194BC42BFB71A90040C037 /* Release */ = {
			isa = XCBuildConfiguration;
			buildSettings = {
				ALWAYS_SEARCH_USER_PATHS = NO;
				ASSETCATALOG_COMPILER_GENERATE_SWIFT_ASSET_SYMBOL_EXTENSIONS = YES;
				CLANG_ANALYZER_NONNULL = YES;
				CLANG_ANALYZER_NUMBER_OBJECT_CONVERSION = YES_AGGRESSIVE;
				CLANG_CXX_LANGUAGE_STANDARD = "gnu++20";
				CLANG_ENABLE_MODULES = YES;
				CLANG_ENABLE_OBJC_ARC = YES;
				CLANG_ENABLE_OBJC_WEAK = YES;
				CLANG_WARN_BLOCK_CAPTURE_AUTORELEASING = YES;
				CLANG_WARN_BOOL_CONVERSION = YES;
				CLANG_WARN_COMMA = YES;
				CLANG_WARN_CONSTANT_CONVERSION = YES;
				CLANG_WARN_DEPRECATED_OBJC_IMPLEMENTATIONS = YES;
				CLANG_WARN_DIRECT_OBJC_ISA_USAGE = YES_ERROR;
				CLANG_WARN_DOCUMENTATION_COMMENTS = YES;
				CLANG_WARN_EMPTY_BODY = YES;
				CLANG_WARN_ENUM_CONVERSION = YES;
				CLANG_WARN_INFINITE_RECURSION = YES;
				CLANG_WARN_INT_CONVERSION = YES;
				CLANG_WARN_NON_LITERAL_NULL_CONVERSION = YES;
				CLANG_WARN_OBJC_IMPLICIT_RETAIN_SELF = YES;
				CLANG_WARN_OBJC_LITERAL_CONVERSION = YES;
				CLANG_WARN_OBJC_ROOT_CLASS = YES_ERROR;
				CLANG_WARN_QUOTED_INCLUDE_IN_FRAMEWORK_HEADER = YES;
				CLANG_WARN_RANGE_LOOP_ANALYSIS = YES;
				CLANG_WARN_STRICT_PROTOTYPES = YES;
				CLANG_WARN_SUSPICIOUS_MOVE = YES;
				CLANG_WARN_UNGUARDED_AVAILABILITY = YES_AGGRESSIVE;
				CLANG_WARN_UNREACHABLE_CODE = YES;
				CLANG_WARN__DUPLICATE_METHOD_MATCH = YES;
				COPY_PHASE_STRIP = NO;
				DEBUG_INFORMATION_FORMAT = "dwarf-with-dsym";
				ENABLE_NS_ASSERTIONS = NO;
				ENABLE_STRICT_OBJC_MSGSEND = YES;
				ENABLE_USER_SCRIPT_SANDBOXING = YES;
				GCC_C_LANGUAGE_STANDARD = gnu17;
				GCC_NO_COMMON_BLOCKS = YES;
				GCC_WARN_64_TO_32_BIT_CONVERSION = YES;
				GCC_WARN_ABOUT_RETURN_TYPE = YES_ERROR;
				GCC_WARN_UNDECLARED_SELECTOR = YES;
				GCC_WARN_UNINITIALIZED_AUTOS = YES_AGGRESSIVE;
				GCC_WARN_UNUSED_FUNCTION = YES;
				GCC_WARN_UNUSED_VARIABLE = YES;
				IPHONEOS_DEPLOYMENT_TARGET = 17.4;
				LOCALIZATION_PREFERS_STRING_CATALOGS = YES;
				MTL_ENABLE_DEBUG_INFO = NO;
				MTL_FAST_MATH = YES;
				SDKROOT = iphoneos;
				SWIFT_COMPILATION_MODE = wholemodule;
				VALIDATE_PRODUCT = YES;
			};
			name = Release;
		};
		60194BC62BFB71A90040C037 /* Debug */ = {
			isa = XCBuildConfiguration;
			buildSettings = {
				ASSETCATALOG_COMPILER_APPICON_NAME = AppIcon;
				ASSETCATALOG_COMPILER_GLOBAL_ACCENT_COLOR_NAME = AccentColor;
				CODE_SIGN_STYLE = Automatic;
				CURRENT_PROJECT_VERSION = 1;
				DEVELOPMENT_ASSET_PATHS = "\"MovieAPI&SwiftData/Preview Content\"";
				DEVELOPMENT_TEAM = STUL88546G;
				ENABLE_PREVIEWS = YES;
				GENERATE_INFOPLIST_FILE = YES;
				INFOPLIST_KEY_UIApplicationSceneManifest_Generation = YES;
				INFOPLIST_KEY_UIApplicationSupportsIndirectInputEvents = YES;
				INFOPLIST_KEY_UILaunchScreen_Generation = YES;
				INFOPLIST_KEY_UISupportedInterfaceOrientations_iPad = "UIInterfaceOrientationPortrait UIInterfaceOrientationPortraitUpsideDown UIInterfaceOrientationLandscapeLeft UIInterfaceOrientationLandscapeRight";
				INFOPLIST_KEY_UISupportedInterfaceOrientations_iPhone = "UIInterfaceOrientationPortrait UIInterfaceOrientationLandscapeLeft UIInterfaceOrientationLandscapeRight";
				LD_RUNPATH_SEARCH_PATHS = (
					"$(inherited)",
					"@executable_path/Frameworks",
				);
				MARKETING_VERSION = 1.0;
				PRODUCT_BUNDLE_IDENTIFIER = "matheusProjects.MovieAPI-SwiftData";
				PRODUCT_NAME = "$(TARGET_NAME)";
				SWIFT_EMIT_LOC_STRINGS = YES;
				SWIFT_VERSION = 5.0;
				TARGETED_DEVICE_FAMILY = "1,2";
			};
			name = Debug;
		};
		60194BC72BFB71A90040C037 /* Release */ = {
			isa = XCBuildConfiguration;
			buildSettings = {
				ASSETCATALOG_COMPILER_APPICON_NAME = AppIcon;
				ASSETCATALOG_COMPILER_GLOBAL_ACCENT_COLOR_NAME = AccentColor;
				CODE_SIGN_STYLE = Automatic;
				CURRENT_PROJECT_VERSION = 1;
				DEVELOPMENT_ASSET_PATHS = "\"MovieAPI&SwiftData/Preview Content\"";
				DEVELOPMENT_TEAM = STUL88546G;
				ENABLE_PREVIEWS = YES;
				GENERATE_INFOPLIST_FILE = YES;
				INFOPLIST_KEY_UIApplicationSceneManifest_Generation = YES;
				INFOPLIST_KEY_UIApplicationSupportsIndirectInputEvents = YES;
				INFOPLIST_KEY_UILaunchScreen_Generation = YES;
				INFOPLIST_KEY_UISupportedInterfaceOrientations_iPad = "UIInterfaceOrientationPortrait UIInterfaceOrientationPortraitUpsideDown UIInterfaceOrientationLandscapeLeft UIInterfaceOrientationLandscapeRight";
				INFOPLIST_KEY_UISupportedInterfaceOrientations_iPhone = "UIInterfaceOrientationPortrait UIInterfaceOrientationLandscapeLeft UIInterfaceOrientationLandscapeRight";
				LD_RUNPATH_SEARCH_PATHS = (
					"$(inherited)",
					"@executable_path/Frameworks",
				);
				MARKETING_VERSION = 1.0;
				PRODUCT_BUNDLE_IDENTIFIER = "matheusProjects.MovieAPI-SwiftData";
				PRODUCT_NAME = "$(TARGET_NAME)";
				SWIFT_EMIT_LOC_STRINGS = YES;
				SWIFT_VERSION = 5.0;
				TARGETED_DEVICE_FAMILY = "1,2";
			};
			name = Release;
		};
		60194BC92BFB71A90040C037 /* Debug */ = {
			isa = XCBuildConfiguration;
			buildSettings = {
				ALWAYS_EMBED_SWIFT_STANDARD_LIBRARIES = YES;
				BUNDLE_LOADER = "$(TEST_HOST)";
				CODE_SIGN_STYLE = Automatic;
				CURRENT_PROJECT_VERSION = 1;
				DEVELOPMENT_TEAM = STUL88546G;
				GENERATE_INFOPLIST_FILE = YES;
				IPHONEOS_DEPLOYMENT_TARGET = 17.4;
				MARKETING_VERSION = 1.0;
				PRODUCT_BUNDLE_IDENTIFIER = "matheusProjects.MovieAPI-SwiftDataTests";
				PRODUCT_NAME = "$(TARGET_NAME)";
				SWIFT_EMIT_LOC_STRINGS = NO;
				SWIFT_VERSION = 5.0;
				TARGETED_DEVICE_FAMILY = "1,2";
				TEST_HOST = "$(BUILT_PRODUCTS_DIR)/MovieAPI&SwiftData.app/$(BUNDLE_EXECUTABLE_FOLDER_PATH)/MovieAPI&SwiftData";
			};
			name = Debug;
		};
		60194BCA2BFB71A90040C037 /* Release */ = {
			isa = XCBuildConfiguration;
			buildSettings = {
				ALWAYS_EMBED_SWIFT_STANDARD_LIBRARIES = YES;
				BUNDLE_LOADER = "$(TEST_HOST)";
				CODE_SIGN_STYLE = Automatic;
				CURRENT_PROJECT_VERSION = 1;
				DEVELOPMENT_TEAM = STUL88546G;
				GENERATE_INFOPLIST_FILE = YES;
				IPHONEOS_DEPLOYMENT_TARGET = 17.4;
				MARKETING_VERSION = 1.0;
				PRODUCT_BUNDLE_IDENTIFIER = "matheusProjects.MovieAPI-SwiftDataTests";
				PRODUCT_NAME = "$(TARGET_NAME)";
				SWIFT_EMIT_LOC_STRINGS = NO;
				SWIFT_VERSION = 5.0;
				TARGETED_DEVICE_FAMILY = "1,2";
				TEST_HOST = "$(BUILT_PRODUCTS_DIR)/MovieAPI&SwiftData.app/$(BUNDLE_EXECUTABLE_FOLDER_PATH)/MovieAPI&SwiftData";
			};
			name = Release;
		};
/* End XCBuildConfiguration section */

/* Begin XCConfigurationList section */
		60194B9A2BFB71A60040C037 /* Build configuration list for PBXProject "MovieAPI&SwiftData" */ = {
			isa = XCConfigurationList;
			buildConfigurations = (
				60194BC32BFB71A90040C037 /* Debug */,
				60194BC42BFB71A90040C037 /* Release */,
			);
			defaultConfigurationIsVisible = 0;
			defaultConfigurationName = Release;
		};
		60194BC52BFB71A90040C037 /* Build configuration list for PBXNativeTarget "MovieAPI&SwiftData" */ = {
			isa = XCConfigurationList;
			buildConfigurations = (
				60194BC62BFB71A90040C037 /* Debug */,
				60194BC72BFB71A90040C037 /* Release */,
			);
			defaultConfigurationIsVisible = 0;
			defaultConfigurationName = Release;
		};
		60194BC82BFB71A90040C037 /* Build configuration list for PBXNativeTarget "MovieAPI&SwiftDataTests" */ = {
			isa = XCConfigurationList;
			buildConfigurations = (
				60194BC92BFB71A90040C037 /* Debug */,
				60194BCA2BFB71A90040C037 /* Release */,
			);
			defaultConfigurationIsVisible = 0;
			defaultConfigurationName = Release;
		};
/* End XCConfigurationList section */

/* Begin XCLocalSwiftPackageReference section */
		60194BCE2BFB74020040C037 /* XCLocalSwiftPackageReference "NetworkService" */ = {
			isa = XCLocalSwiftPackageReference;
			relativePath = NetworkService;
		};
/* End XCLocalSwiftPackageReference section */

/* Begin XCSwiftPackageProductDependency section */
		606AD4F92BFB789600294319 /* NetworkService */ = {
			isa = XCSwiftPackageProductDependency;
			package = 60194BCE2BFB74020040C037 /* XCLocalSwiftPackageReference "NetworkService" */;
			productName = NetworkService;
		};
/* End XCSwiftPackageProductDependency section */
	};
	rootObject = 60194B972BFB71A60040C037 /* Project object */;
}
